
Microsoft Visual Studio Solution File, Format Version 12.00
# Visual Studio 15
Project("{FAE04EC0-301F-11D3-BF4B-00C04F79EFBC}") = "Assembly-CSharp", "Assembly-CSharp.csproj", "{AF67C800-7340-765C-60B9-B7A2F9FAE6CF}"
EndProject
Global
	GlobalSection(SolutionConfigurationPlatforms) = preSolution
		Debug|Any CPU = Debug|Any CPU
		Release|Any CPU = Release|Any CPU
	EndGlobalSection
	GlobalSection(ProjectConfigurationPlatforms) = postSolution
		{AF67C800-7340-765C-60B9-B7A2F9FAE6CF}.Debug|Any CPU.ActiveCfg = Debug|Any CPU
		{AF67C800-7340-765C-60B9-B7A2F9FAE6CF}.Debug|Any CPU.Build.0 = Debug|Any CPU
		{AF67C800-7340-765C-60B9-B7A2F9FAE6CF}.Release|Any CPU.ActiveCfg = Release|Any CPU
		{AF67C800-7340-765C-60B9-B7A2F9FAE6CF}.Release|Any CPU.Build.0 = Release|Any CPU
	EndGlobalSection
	GlobalSection(SolutionProperties) = preSolution
		HideSolutionNode = FALSE
	EndGlobalSection
EndGlobal
